
Microsoft Visual Studio Solution File, Format Version 12.00
# Visual Studio Version 16
VisualStudioVersion = 16.0.32901.82
MinimumVisualStudioVersion = 10.0.40219.1
Project("{FAE04EC0-301F-11D3-BF4B-00C04F79EFBC}") = "LogAnalyticsAPIUpload", "LogAnalyticsAPIUpload.csproj", "{F2F4FF9D-98D4-4BA9-A3A2-DA071BC08FAB}"
EndProject
Global
	GlobalSection(SolutionConfigurationPlatforms) = preSolution
		Debug|Any CPU = Debug|Any CPU
		Release|Any CPU = Release|Any CPU
	EndGlobalSection
	GlobalSection(ProjectConfigurationPlatforms) = postSolution
		{F2F4FF9D-98D4-4BA9-A3A2-DA071BC08FAB}.Debug|Any CPU.ActiveCfg = Debug|Any CPU
		{F2F4FF9D-98D4-4BA9-A3A2-DA071BC08FAB}.Debug|Any CPU.Build.0 = Debug|Any CPU
		{F2F4FF9D-98D4-4BA9-A3A2-DA071BC08FAB}.Release|Any CPU.ActiveCfg = Release|Any CPU
		{F2F4FF9D-98D4-4BA9-A3A2-DA071BC08FAB}.Release|Any CPU.Build.0 = Release|Any CPU
	EndGlobalSection
	GlobalSection(SolutionProperties) = preSolution
		HideSolutionNode = FALSE
	EndGlobalSection
	GlobalSection(ExtensibilityGlobals) = postSolution
		SolutionGuid = {E4787028-2C54-41A8-9FA8-F3460131813D}
	EndGlobalSection
EndGlobal
